{
  "name": "behaviour-planner.js",
  "lockfileVersion": 2,
  "requires": true,
  "packages": {
    "": {
      "dependencies": {
        "behaviour-planner.js": "^1.0.2",
        "compromise": "^13.11.4",
        "compromise-dates": "^2.2.1",
        "compromise-numbers": "^1.4.0",
        "gl-matrix": "^3.4.3",
        "hbtree": "1.0.0",
        "hbtree-extension": "^0.0.2",
        "litegraph": "^0.0.0",
        "litegraph.js": "^0.7.10"
      }
    },
    "node_modules/behaviour-planner.js": {
      "version": "1.0.2",
      "resolved": "https://registry.npmjs.org/behaviour-planner.js/-/behaviour-planner.js-1.0.2.tgz",
      "integrity": "sha512-ZUqNqnEvLZX7Rs/5apOERUPvIuI6/PWwOJBae+16OPfpkMU5MA8mcRhK3Jk/y/RUj+77mT0Ao3vP73FZHLkqhw=="
    },
    "node_modules/compromise": {
      "version": "13.11.4",
      "resolved": "https://registry.npmjs.org/compromise/-/compromise-13.11.4.tgz",
      "integrity": "sha512-nBITcNdqIHSVDDluaG6guyFFCSNXN+Hu87fU8VlhkE5Z0PwTZN1nro2O7a8JcUH88nB5EOzrxd9zKfXLSNFqcg==",
      "dependencies": {
        "efrt-unpack": "2.2.0"
      },
      "engines": {
        "node": ">=8.0.0"
      }
    },
    "node_modules/compromise-dates": {
      "version": "2.2.1",
      "resolved": "https://registry.npmjs.org/compromise-dates/-/compromise-dates-2.2.1.tgz",
      "integrity": "sha512-mtdK67DR4EvowLLh0YJ3aMxMtKXDViQBJTNNdHI5ck+DVhCCd7rYnNcwC2eSES+3tup1JB9+InOzmvyEuFyjLQ==",
      "dependencies": {
        "spacetime": "6.16.0",
        "spacetime-holiday": "0.1.0"
      },
      "peerDependencies": {
        "compromise": ">=12.0.0",
        "compromise-numbers": ">=1.0.0"
      }
    },
    "node_modules/compromise-numbers": {
      "version": "1.4.0",
      "resolved": "https://registry.npmjs.org/compromise-numbers/-/compromise-numbers-1.4.0.tgz",
      "integrity": "sha512-3ceRpwZIWduVSMYn54ET1ELdI7bvXQk42uDwxffxiJBxgKCwcCfVbiLuTG62cI+qTHchwLDh4vp9i3WARXROFQ==",
      "peerDependencies": {
        "compromise": ">=12.0.0"
      }
    },
    "node_modules/efrt-unpack": {
      "version": "2.2.0",
      "resolved": "https://registry.npmjs.org/efrt-unpack/-/efrt-unpack-2.2.0.tgz",
      "integrity": "sha512-9xUSSj7qcUxz+0r4X3+bwUNttEfGfK5AH+LVa1aTpqdAfrN5VhROYCfcF+up4hp5OL7IUKcZJJrzAGipQRDoiQ=="
    },
    "node_modules/gl-matrix": {
      "version": "3.4.3",
      "resolved": "https://registry.npmjs.org/gl-matrix/-/gl-matrix-3.4.3.tgz",
      "integrity": "sha512-wcCp8vu8FT22BnvKVPjXa/ICBWRq/zjFfdofZy1WSpQZpphblv12/bOQLBC1rMM7SGOFS9ltVmKOHil5+Ml7gA=="
    },
    "node_modules/hbtree": {
      "version": "1.0.0",
      "resolved": "https://registry.npmjs.org/hbtree/-/hbtree-1.0.0.tgz",
      "integrity": "sha512-74/n7q7Ah2Omh6k2171XP7K8CuoAWX29oazY23mqglK1BVZ5PXVOmD0leSEvz+oLbZlas4bP+SVbMcqo52c1NA==",
      "dependencies": {
        "litegraph.js": "^0.7.10"
      }
    },
    "node_modules/hbtree-extension": {
      "version": "0.0.2",
      "resolved": "https://registry.npmjs.org/hbtree-extension/-/hbtree-extension-0.0.2.tgz",
      "integrity": "sha512-xZfJHXbol+wfHmbg3nm5JAirCVy3LsgyHcdiDJcMbxI+sF/G53aqtEYSAUzqYxB9FRktWNT3hmzjMXslAHaP8w==",
      "dependencies": {
        "hbtree": "1.0.0",
        "litegraph.js": "^0.7.10"
      }
    },
    "node_modules/litegraph": {
      "version": "0.0.0",
      "resolved": "https://registry.npmjs.org/litegraph/-/litegraph-0.0.0.tgz",
      "integrity": "sha512-C3WYbG3dCoFNnDyflK31s24S9BBnswo+f9hizYOgFU9ezAGtJvWvCssE7Xjgqiy4lM6+fjgixJOFFSu26FP2jA=="
    },
    "node_modules/litegraph.js": {
      "version": "0.7.10",
      "resolved": "https://registry.npmjs.org/litegraph.js/-/litegraph.js-0.7.10.tgz",
      "integrity": "sha512-jv6FiHOpHX75N62YS4hoDbPPicbR64XUuRcM6DE24S064zWvOKCtLbzPQdIoWoQ2JBKpFEeORxhY9dJoznfNwg=="
    },
    "node_modules/spacetime": {
      "version": "6.16.0",
      "resolved": "https://registry.npmjs.org/spacetime/-/spacetime-6.16.0.tgz",
      "integrity": "sha512-mkuniNOp6ssfPyJidj81tb54zKxK4vEKPTmcUsC/NEGIF8S07ppoSotdg6numT1/26rthQYmdxMY/M5a9WeJVQ=="
    },
    "node_modules/spacetime-holiday": {
      "version": "0.1.0",
      "resolved": "https://registry.npmjs.org/spacetime-holiday/-/spacetime-holiday-0.1.0.tgz",
      "integrity": "sha512-rYIpSDbHnznZRstUrmYYFAaruW8e96t+1JfS0b6qMiAAQ2DrkLKc8oMotAAkB9qMTUwXXf5bIkdTHfP434uitQ==",
      "peerDependencies": {
        "spacetime": "^6.3.0"
      }
    }
  },
  "dependencies": {
    "behaviour-planner.js": {
      "version": "1.0.2",
      "resolved": "https://registry.npmjs.org/behaviour-planner.js/-/behaviour-planner.js-1.0.2.tgz",
      "integrity": "sha512-ZUqNqnEvLZX7Rs/5apOERUPvIuI6/PWwOJBae+16OPfpkMU5MA8mcRhK3Jk/y/RUj+77mT0Ao3vP73FZHLkqhw=="
    },
    "compromise": {
      "version": "13.11.4",
      "resolved": "https://registry.npmjs.org/compromise/-/compromise-13.11.4.tgz",
      "integrity": "sha512-nBITcNdqIHSVDDluaG6guyFFCSNXN+Hu87fU8VlhkE5Z0PwTZN1nro2O7a8JcUH88nB5EOzrxd9zKfXLSNFqcg==",
      "requires": {
        "efrt-unpack": "2.2.0"
      }
    },
    "compromise-dates": {
      "version": "2.2.1",
      "resolved": "https://registry.npmjs.org/compromise-dates/-/compromise-dates-2.2.1.tgz",
      "integrity": "sha512-mtdK67DR4EvowLLh0YJ3aMxMtKXDViQBJTNNdHI5ck+DVhCCd7rYnNcwC2eSES+3tup1JB9+InOzmvyEuFyjLQ==",
      "requires": {
        "spacetime": "6.16.0",
        "spacetime-holiday": "0.1.0"
      }
    },
    "compromise-numbers": {
      "version": "1.4.0",
      "resolved": "https://registry.npmjs.org/compromise-numbers/-/compromise-numbers-1.4.0.tgz",
      "integrity": "sha512-3ceRpwZIWduVSMYn54ET1ELdI7bvXQk42uDwxffxiJBxgKCwcCfVbiLuTG62cI+qTHchwLDh4vp9i3WARXROFQ==",
      "requires": {}
    },
    "efrt-unpack": {
      "version": "2.2.0",
      "resolved": "https://registry.npmjs.org/efrt-unpack/-/efrt-unpack-2.2.0.tgz",
      "integrity": "sha512-9xUSSj7qcUxz+0r4X3+bwUNttEfGfK5AH+LVa1aTpqdAfrN5VhROYCfcF+up4hp5OL7IUKcZJJrzAGipQRDoiQ=="
    },
    "gl-matrix": {
      "version": "3.4.3",
      "resolved": "https://registry.npmjs.org/gl-matrix/-/gl-matrix-3.4.3.tgz",
      "integrity": "sha512-wcCp8vu8FT22BnvKVPjXa/ICBWRq/zjFfdofZy1WSpQZpphblv12/bOQLBC1rMM7SGOFS9ltVmKOHil5+Ml7gA=="
    },
    "hbtree": {
      "version": "1.0.0",
      "resolved": "https://registry.npmjs.org/hbtree/-/hbtree-1.0.0.tgz",
      "integrity": "sha512-74/n7q7Ah2Omh6k2171XP7K8CuoAWX29oazY23mqglK1BVZ5PXVOmD0leSEvz+oLbZlas4bP+SVbMcqo52c1NA==",
      "requires": {
        "litegraph.js": "^0.7.10"
      }
    },
    "hbtree-extension": {
      "version": "0.0.2",
      "resolved": "https://registry.npmjs.org/hbtree-extension/-/hbtree-extension-0.0.2.tgz",
      "integrity": "sha512-xZfJHXbol+wfHmbg3nm5JAirCVy3LsgyHcdiDJcMbxI+sF/G53aqtEYSAUzqYxB9FRktWNT3hmzjMXslAHaP8w==",
      "requires": {
        "hbtree": "1.0.0",
        "litegraph.js": "^0.7.10"
      }
    },
    "litegraph": {
      "version": "0.0.0",
      "resolved": "https://registry.npmjs.org/litegraph/-/litegraph-0.0.0.tgz",
      "integrity": "sha512-C3WYbG3dCoFNnDyflK31s24S9BBnswo+f9hizYOgFU9ezAGtJvWvCssE7Xjgqiy4lM6+fjgixJOFFSu26FP2jA=="
    },
    "litegraph.js": {
      "version": "0.7.10",
      "resolved": "https://registry.npmjs.org/litegraph.js/-/litegraph.js-0.7.10.tgz",
      "integrity": "sha512-jv6FiHOpHX75N62YS4hoDbPPicbR64XUuRcM6DE24S064zWvOKCtLbzPQdIoWoQ2JBKpFEeORxhY9dJoznfNwg=="
    },
    "spacetime": {
      "version": "6.16.0",
      "resolved": "https://registry.npmjs.org/spacetime/-/spacetime-6.16.0.tgz",
      "integrity": "sha512-mkuniNOp6ssfPyJidj81tb54zKxK4vEKPTmcUsC/NEGIF8S07ppoSotdg6numT1/26rthQYmdxMY/M5a9WeJVQ=="
    },
    "spacetime-holiday": {
      "version": "0.1.0",
      "resolved": "https://registry.npmjs.org/spacetime-holiday/-/spacetime-holiday-0.1.0.tgz",
      "integrity": "sha512-rYIpSDbHnznZRstUrmYYFAaruW8e96t+1JfS0b6qMiAAQ2DrkLKc8oMotAAkB9qMTUwXXf5bIkdTHfP434uitQ==",
      "requires": {}
    }
  }
}
